// !$*UTF8*$!
{
	archiveVersion = 1;
	classes = {
	};
	objectVersion = 46;
	objects = {

/* Begin PBXBuildFile section */
		4F87D9BA1CB0C00600BC89AC /* LyftViewController.swift in Sources */ = {isa = PBXBuildFile; fileRef = 4F87D9B91CB0C00600BC89AC /* LyftViewController.swift */; };
		4F87D9BC1CB0C12600BC89AC /* UberViewController.swift in Sources */ = {isa = PBXBuildFile; fileRef = 4F87D9BB1CB0C12600BC89AC /* UberViewController.swift */; };
		4F87D9BF1CB0C54100BC89AC /* LocationHelper.swift in Sources */ = {isa = PBXBuildFile; fileRef = 4F87D9BE1CB0C54100BC89AC /* LocationHelper.swift */; };
		4F87D9C11CB0C73500BC89AC /* LyftHelper.swift in Sources */ = {isa = PBXBuildFile; fileRef = 4F87D9C01CB0C73500BC89AC /* LyftHelper.swift */; };
		4FFF04E71CB0AAB8009B5F73 /* AppDelegate.swift in Sources */ = {isa = PBXBuildFile; fileRef = 4FFF04E61CB0AAB8009B5F73 /* AppDelegate.swift */; };
		4FFF04E91CB0AAB8009B5F73 /* ViewController.swift in Sources */ = {isa = PBXBuildFile; fileRef = 4FFF04E81CB0AAB8009B5F73 /* ViewController.swift */; };
		4FFF04EC1CB0AAB8009B5F73 /* Main.storyboard in Resources */ = {isa = PBXBuildFile; fileRef = 4FFF04EA1CB0AAB8009B5F73 /* Main.storyboard */; };
		4FFF04EE1CB0AAB8009B5F73 /* Assets.xcassets in Resources */ = {isa = PBXBuildFile; fileRef = 4FFF04ED1CB0AAB8009B5F73 /* Assets.xcassets */; };
		4FFF04F11CB0AAB8009B5F73 /* LaunchScreen.storyboard in Resources */ = {isa = PBXBuildFile; fileRef = 4FFF04EF1CB0AAB8009B5F73 /* LaunchScreen.storyboard */; };
		6183226BA701FB6262F6A4F1 /* Pods_HackathonRideApp.framework in Frameworks */ = {isa = PBXBuildFile; fileRef = BE8B970D4923E6577053C064 /* Pods_HackathonRideApp.framework */; };
/* End PBXBuildFile section */

/* Begin PBXFileReference section */
		4F87D9B91CB0C00600BC89AC /* LyftViewController.swift */ = {isa = PBXFileReference; fileEncoding = 4; lastKnownFileType = sourcecode.swift; path = LyftViewController.swift; sourceTree = "<group>"; };
		4F87D9BB1CB0C12600BC89AC /* UberViewController.swift */ = {isa = PBXFileReference; fileEncoding = 4; lastKnownFileType = sourcecode.swift; path = UberViewController.swift; sourceTree = "<group>"; };
		4F87D9BE1CB0C54100BC89AC /* LocationHelper.swift */ = {isa = PBXFileReference; fileEncoding = 4; lastKnownFileType = sourcecode.swift; path = LocationHelper.swift; sourceTree = "<group>"; };
		4F87D9C01CB0C73500BC89AC /* LyftHelper.swift */ = {isa = PBXFileReference; fileEncoding = 4; lastKnownFileType = sourcecode.swift; path = LyftHelper.swift; sourceTree = "<group>"; };
		4FFF04E31CB0AAB8009B5F73 /* HackathonRideApp.app */ = {isa = PBXFileReference; explicitFileType = wrapper.application; includeInIndex = 0; path = HackathonRideApp.app; sourceTree = BUILT_PRODUCTS_DIR; };
		4FFF04E61CB0AAB8009B5F73 /* AppDelegate.swift */ = {isa = PBXFileReference; lastKnownFileType = sourcecode.swift; path = AppDelegate.swift; sourceTree = "<group>"; };
		4FFF04E81CB0AAB8009B5F73 /* ViewController.swift */ = {isa = PBXFileReference; lastKnownFileType = sourcecode.swift; path = ViewController.swift; sourceTree = "<group>"; };
		4FFF04EB1CB0AAB8009B5F73 /* Base */ = {isa = PBXFileReference; lastKnownFileType = file.storyboard; name = Base; path = Base.lproj/Main.storyboard; sourceTree = "<group>"; };
		4FFF04ED1CB0AAB8009B5F73 /* Assets.xcassets */ = {isa = PBXFileReference; lastKnownFileType = folder.assetcatalog; path = Assets.xcassets; sourceTree = "<group>"; };
		4FFF04F01CB0AAB8009B5F73 /* Base */ = {isa = PBXFileReference; lastKnownFileType = file.storyboard; name = Base; path = Base.lproj/LaunchScreen.storyboard; sourceTree = "<group>"; };
		4FFF04F21CB0AAB8009B5F73 /* Info.plist */ = {isa = PBXFileReference; lastKnownFileType = text.plist.xml; path = Info.plist; sourceTree = "<group>"; };
		65AD0318BBDC4EBEC55FA492 /* Pods-HackathonRideApp.debug.xcconfig */ = {isa = PBXFileReference; includeInIndex = 1; lastKnownFileType = text.xcconfig; name = "Pods-HackathonRideApp.debug.xcconfig"; path = "Pods/Target Support Files/Pods-HackathonRideApp/Pods-HackathonRideApp.debug.xcconfig"; sourceTree = "<group>"; };
		9EAC9210499596E90B5A749E /* Pods-HackathonRideApp.release.xcconfig */ = {isa = PBXFileReference; includeInIndex = 1; lastKnownFileType = text.xcconfig; name = "Pods-HackathonRideApp.release.xcconfig"; path = "Pods/Target Support Files/Pods-HackathonRideApp/Pods-HackathonRideApp.release.xcconfig"; sourceTree = "<group>"; };
		BE8B970D4923E6577053C064 /* Pods_HackathonRideApp.framework */ = {isa = PBXFileReference; explicitFileType = wrapper.framework; includeInIndex = 0; path = Pods_HackathonRideApp.framework; sourceTree = BUILT_PRODUCTS_DIR; };
/* End PBXFileReference section */

/* Begin PBXFrameworksBuildPhase section */
		4FFF04E01CB0AAB8009B5F73 /* Frameworks */ = {
			isa = PBXFrameworksBuildPhase;
			buildActionMask = 2147483647;
			files = (
				6183226BA701FB6262F6A4F1 /* Pods_HackathonRideApp.framework in Frameworks */,
			);
			runOnlyForDeploymentPostprocessing = 0;
		};
/* End PBXFrameworksBuildPhase section */

/* Begin PBXGroup section */
		49C4701BC8B5D794E1D7B4D0 /* Frameworks */ = {
			isa = PBXGroup;
			children = (
				BE8B970D4923E6577053C064 /* Pods_HackathonRideApp.framework */,
			);
			name = Frameworks;
			sourceTree = "<group>";
		};
		4F6D7F331CB0E373007B24CC /* Uber */ = {
			isa = PBXGroup;
			children = (
			);
			name = Uber;
			sourceTree = "<group>";
		};
		4F6D7F341CB0E378007B24CC /* Lyft */ = {
			isa = PBXGroup;
			children = (
				4F87D9C01CB0C73500BC89AC /* LyftHelper.swift */,
			);
			name = Lyft;
			sourceTree = "<group>";
		};
		4F87D9B81CB0BFBA00BC89AC /* TestControllers */ = {
			isa = PBXGroup;
			children = (
				4F87D9B91CB0C00600BC89AC /* LyftViewController.swift */,
				4F87D9BB1CB0C12600BC89AC /* UberViewController.swift */,
			);
			name = TestControllers;
			sourceTree = "<group>";
		};
		4F87D9BD1CB0C52A00BC89AC /* Tools */ = {
			isa = PBXGroup;
			children = (
				4F87D9BE1CB0C54100BC89AC /* LocationHelper.swift */,
			);
			name = Tools;
			sourceTree = "<group>";
		};
		4FFF04DA1CB0AAB8009B5F73 = {
			isa = PBXGroup;
			children = (
				4FFF04E51CB0AAB8009B5F73 /* HackathonRideApp */,
				4FFF04E41CB0AAB8009B5F73 /* Products */,
				AA3FB23D0525E31D8DF1C78E /* Pods */,
				49C4701BC8B5D794E1D7B4D0 /* Frameworks */,
			);
			sourceTree = "<group>";
		};
		4FFF04E41CB0AAB8009B5F73 /* Products */ = {
			isa = PBXGroup;
			children = (
				4FFF04E31CB0AAB8009B5F73 /* HackathonRideApp.app */,
			);
			name = Products;
			sourceTree = "<group>";
		};
		4FFF04E51CB0AAB8009B5F73 /* HackathonRideApp */ = {
			isa = PBXGroup;
			children = (
				4F6D7F341CB0E378007B24CC /* Lyft */,
				4F6D7F331CB0E373007B24CC /* Uber */,
				4F87D9BD1CB0C52A00BC89AC /* Tools */,
				4F87D9B81CB0BFBA00BC89AC /* TestControllers */,
				4FFF04E61CB0AAB8009B5F73 /* AppDelegate.swift */,
				4FFF04E81CB0AAB8009B5F73 /* ViewController.swift */,
				4FFF04EA1CB0AAB8009B5F73 /* Main.storyboard */,
				4FFF04ED1CB0AAB8009B5F73 /* Assets.xcassets */,
				4FFF04EF1CB0AAB8009B5F73 /* LaunchScreen.storyboard */,
				4FFF04F21CB0AAB8009B5F73 /* Info.plist */,
			);
			path = HackathonRideApp;
			sourceTree = "<group>";
		};
		AA3FB23D0525E31D8DF1C78E /* Pods */ = {
			isa = PBXGroup;
			children = (
				65AD0318BBDC4EBEC55FA492 /* Pods-HackathonRideApp.debug.xcconfig */,
				9EAC9210499596E90B5A749E /* Pods-HackathonRideApp.release.xcconfig */,
			);
			name = Pods;
			sourceTree = "<group>";
		};
/* End PBXGroup section */

/* Begin PBXNativeTarget section */
		4FFF04E21CB0AAB8009B5F73 /* HackathonRideApp */ = {
			isa = PBXNativeTarget;
			buildConfigurationList = 4FFF04F51CB0AAB8009B5F73 /* Build configuration list for PBXNativeTarget "HackathonRideApp" */;
			buildPhases = (
				880D602A280CCEB219C59E78 /* Check Pods Manifest.lock */,
				4FFF04DF1CB0AAB8009B5F73 /* Sources */,
				4FFF04E01CB0AAB8009B5F73 /* Frameworks */,
				4FFF04E11CB0AAB8009B5F73 /* Resources */,
				73C4603E290BE22E6A88F4B4 /* Embed Pods Frameworks */,
				19C9F32FE5DF870C8C9AB275 /* Copy Pods Resources */,
			);
			buildRules = (
			);
			dependencies = (
			);
			name = HackathonRideApp;
			productName = HackathonRideApp;
			productReference = 4FFF04E31CB0AAB8009B5F73 /* HackathonRideApp.app */;
			productType = "com.apple.product-type.application";
		};
/* End PBXNativeTarget section */

/* Begin PBXProject section */
		4FFF04DB1CB0AAB8009B5F73 /* Project object */ = {
			isa = PBXProject;
			attributes = {
				LastSwiftUpdateCheck = 0720;
				LastUpgradeCheck = 0720;
				ORGANIZATIONNAME = "Chris Repanich";
				TargetAttributes = {
					4FFF04E21CB0AAB8009B5F73 = {
						CreatedOnToolsVersion = 7.2.1;
					};
				};
			};
			buildConfigurationList = 4FFF04DE1CB0AAB8009B5F73 /* Build configuration list for PBXProject "HackathonRideApp" */;
			compatibilityVersion = "Xcode 3.2";
			developmentRegion = English;
			hasScannedForEncodings = 0;
			knownRegions = (
				en,
				Base,
			);
			mainGroup = 4FFF04DA1CB0AAB8009B5F73;
			productRefGroup = 4FFF04E41CB0AAB8009B5F73 /* Products */;
			projectDirPath = "";
			projectRoot = "";
			targets = (
				4FFF04E21CB0AAB8009B5F73 /* HackathonRideApp */,
			);
		};
/* End PBXProject section */

/* Begin PBXResourcesBuildPhase section */
		4FFF04E11CB0AAB8009B5F73 /* Resources */ = {
			isa = PBXResourcesBuildPhase;
			buildActionMask = 2147483647;
			files = (
				4FFF04F11CB0AAB8009B5F73 /* LaunchScreen.storyboard in Resources */,
				4FFF04EE1CB0AAB8009B5F73 /* Assets.xcassets in Resources */,
				4FFF04EC1CB0AAB8009B5F73 /* Main.storyboard in Resources */,
			);
			runOnlyForDeploymentPostprocessing = 0;
		};
/* End PBXResourcesBuildPhase section */

/* Begin PBXShellScriptBuildPhase section */
		19C9F32FE5DF870C8C9AB275 /* Copy Pods Resources */ = {
			isa = PBXShellScriptBuildPhase;
			buildActionMask = 2147483647;
			files = (
			);
			inputPaths = (
			);
			name = "Copy Pods Resources";
			outputPaths = (
			);
			runOnlyForDeploymentPostprocessing = 0;
			shellPath = /bin/sh;
			shellScript = "\"${SRCROOT}/Pods/Target Support Files/Pods-HackathonRideApp/Pods-HackathonRideApp-resources.sh\"\n";
			showEnvVarsInLog = 0;
		};
		73C4603E290BE22E6A88F4B4 /* Embed Pods Frameworks */ = {
			isa = PBXShellScriptBuildPhase;
			buildActionMask = 2147483647;
			files = (
			);
			inputPaths = (
			);
			name = "Embed Pods Frameworks";
			outputPaths = (
			);
			runOnlyForDeploymentPostprocessing = 0;
			shellPath = /bin/sh;
			shellScript = "\"${SRCROOT}/Pods/Target Support Files/Pods-HackathonRideApp/Pods-HackathonRideApp-frameworks.sh\"\n";
			showEnvVarsInLog = 0;
		};
		880D602A280CCEB219C59E78 /* Check Pods Manifest.lock */ = {
			isa = PBXShellScriptBuildPhase;
			buildActionMask = 2147483647;
			files = (
			);
			inputPaths = (
			);
			name = "Check Pods Manifest.lock";
			outputPaths = (
			);
			runOnlyForDeploymentPostprocessing = 0;
			shellPath = /bin/sh;
			shellScript = "diff \"${PODS_ROOT}/../Podfile.lock\" \"${PODS_ROOT}/Manifest.lock\" > /dev/null\nif [[ $? != 0 ]] ; then\n    cat << EOM\nerror: The sandbox is not in sync with the Podfile.lock. Run 'pod install' or update your CocoaPods installation.\nEOM\n    exit 1\nfi\n";
			showEnvVarsInLog = 0;
		};
/* End PBXShellScriptBuildPhase section */

/* Begin PBXSourcesBuildPhase section */
		4FFF04DF1CB0AAB8009B5F73 /* Sources */ = {
			isa = PBXSourcesBuildPhase;
			buildActionMask = 2147483647;
			files = (
				4F87D9C11CB0C73500BC89AC /* LyftHelper.swift in Sources */,
				4F87D9BC1CB0C12600BC89AC /* UberViewController.swift in Sources */,
				4FFF04E91CB0AAB8009B5F73 /* ViewController.swift in Sources */,
				4FFF04E71CB0AAB8009B5F73 /* AppDelegate.swift in Sources */,
				4F87D9BA1CB0C00600BC89AC /* LyftViewController.swift in Sources */,
				4F87D9BF1CB0C54100BC89AC /* LocationHelper.swift in Sources */,
			);
			runOnlyForDeploymentPostprocessing = 0;
		};
/* End PBXSourcesBuildPhase section */

/* Begin PBXVariantGroup section */
		4FFF04EA1CB0AAB8009B5F73 /* Main.storyboard */ = {
			isa = PBXVariantGroup;
			children = (
				4FFF04EB1CB0AAB8009B5F73 /* Base */,
			);
			name = Main.storyboard;
			sourceTree = "<group>";
		};
		4FFF04EF1CB0AAB8009B5F73 /* LaunchScreen.storyboard */ = {
			isa = PBXVariantGroup;
			children = (
				4FFF04F01CB0AAB8009B5F73 /* Base */,
			);
			name = LaunchScreen.storyboard;
			sourceTree = "<group>";
		};
/* End PBXVariantGroup section */

/* Begin XCBuildConfiguration section */
		4FFF04F31CB0AAB8009B5F73 /* Debug */ = {
			isa = XCBuildConfiguration;
			buildSettings = {
				ALWAYS_SEARCH_USER_PATHS = NO;
				CLANG_CXX_LANGUAGE_STANDARD = "gnu++0x";
				CLANG_CXX_LIBRARY = "libc++";
				CLANG_ENABLE_MODULES = YES;
				CLANG_ENABLE_OBJC_ARC = YES;
				CLANG_WARN_BOOL_CONVERSION = YES;
				CLANG_WARN_CONSTANT_CONVERSION = YES;
				CLANG_WARN_DIRECT_OBJC_ISA_USAGE = YES_ERROR;
				CLANG_WARN_EMPTY_BODY = YES;
				CLANG_WARN_ENUM_CONVERSION = YES;
				CLANG_WARN_INT_CONVERSION = YES;
				CLANG_WARN_OBJC_ROOT_CLASS = YES_ERROR;
				CLANG_WARN_UNREACHABLE_CODE = YES;
				CLANG_WARN__DUPLICATE_METHOD_MATCH = YES;
				"CODE_SIGN_IDENTITY[sdk=iphoneos*]" = "iPhone Developer";
				COPY_PHASE_STRIP = NO;
				DEBUG_INFORMATION_FORMAT = dwarf;
				ENABLE_STRICT_OBJC_MSGSEND = YES;
				ENABLE_TESTABILITY = YES;
				GCC_C_LANGUAGE_STANDARD = gnu99;
				GCC_DYNAMIC_NO_PIC = NO;
				GCC_NO_COMMON_BLOCKS = YES;
				GCC_OPTIMIZATION_LEVEL = 0;
				GCC_PREPROCESSOR_DEFINITIONS = (
					"DEBUG=1",
					"$(inherited)",
				);
				GCC_WARN_64_TO_32_BIT_CONVERSION = YES;
				GCC_WARN_ABOUT_RETURN_TYPE = YES_ERROR;
				GCC_WARN_UNDECLARED_SELECTOR = YES;
				GCC_WARN_UNINITIALIZED_AUTOS = YES_AGGRESSIVE;
				GCC_WARN_UNUSED_FUNCTION = YES;
				GCC_WARN_UNUSED_VARIABLE = YES;
				IPHONEOS_DEPLOYMENT_TARGET = 9.2;
				MTL_ENABLE_DEBUG_INFO = YES;
				ONLY_ACTIVE_ARCH = YES;
				SDKROOT = iphoneos;
				SWIFT_OPTIMIZATION_LEVEL = "-Onone";
			};
			name = Debug;
		};
		4FFF04F41CB0AAB8009B5F73 /* Release */ = {
			isa = XCBuildConfiguration;
			buildSettings = {
				ALWAYS_SEARCH_USER_PATHS = NO;
				CLANG_CXX_LANGUAGE_STANDARD = "gnu++0x";
				CLANG_CXX_LIBRARY = "libc++";
				CLANG_ENABLE_MODULES = YES;
				CLANG_ENABLE_OBJC_ARC = YES;
				CLANG_WARN_BOOL_CONVERSION = YES;
				CLANG_WARN_CONSTANT_CONVERSION = YES;
				CLANG_WARN_DIRECT_OBJC_ISA_USAGE = YES_ERROR;
				CLANG_WARN_EMPTY_BODY = YES;
				CLANG_WARN_ENUM_CONVERSION = YES;
				CLANG_WARN_INT_CONVERSION = YES;
				CLANG_WARN_OBJC_ROOT_CLASS = YES_ERROR;
				CLANG_WARN_UNREACHABLE_CODE = YES;
				CLANG_WARN__DUPLICATE_METHOD_MATCH = YES;
				"CODE_SIGN_IDENTITY[sdk=iphoneos*]" = "iPhone Developer";
				COPY_PHASE_STRIP = NO;
				DEBUG_INFORMATION_FORMAT = "dwarf-with-dsym";
				ENABLE_NS_ASSERTIONS = NO;
				ENABLE_STRICT_OBJC_MSGSEND = YES;
				GCC_C_LANGUAGE_STANDARD = gnu99;
				GCC_NO_COMMON_BLOCKS = YES;
				GCC_WARN_64_TO_32_BIT_CONVERSION = YES;
				GCC_WARN_ABOUT_RETURN_TYPE = YES_ERROR;
				GCC_WARN_UNDECLARED_SELECTOR = YES;
				GCC_WARN_UNINITIALIZED_AUTOS = YES_AGGRESSIVE;
				GCC_WARN_UNUSED_FUNCTION = YES;
				GCC_WARN_UNUSED_VARIABLE = YES;
				IPHONEOS_DEPLOYMENT_TARGET = 9.2;
				MTL_ENABLE_DEBUG_INFO = NO;
				SDKROOT = iphoneos;
				VALIDATE_PRODUCT = YES;
			};
			name = Release;
		};
		4FFF04F61CB0AAB8009B5F73 /* Debug */ = {
			isa = XCBuildConfiguration;
			baseConfigurationReference = 65AD0318BBDC4EBEC55FA492 /* Pods-HackathonRideApp.debug.xcconfig */;
			buildSettings = {
				ASSETCATALOG_COMPILER_APPICON_NAME = AppIcon;
				INFOPLIST_FILE = HackathonRideApp/Info.plist;
				LD_RUNPATH_SEARCH_PATHS = "$(inherited) @executable_path/Frameworks";
				PRODUCT_BUNDLE_IDENTIFIER = com.projects.cmr.HackathonRideApp;
				PRODUCT_NAME = "$(TARGET_NAME)";
			};
			name = Debug;
		};
		4FFF04F71CB0AAB8009B5F73 /* Release */ = {
			isa = XCBuildConfiguration;
			baseConfigurationReference = 9EAC9210499596E90B5A749E /* Pods-HackathonRideApp.release.xcconfig */;
			buildSettings = {
				ASSETCATALOG_COMPILER_APPICON_NAME = AppIcon;
				INFOPLIST_FILE = HackathonRideApp/Info.plist;
				LD_RUNPATH_SEARCH_PATHS = "$(inherited) @executable_path/Frameworks";
				PRODUCT_BUNDLE_IDENTIFIER = com.projects.cmr.HackathonRideApp;
				PRODUCT_NAME = "$(TARGET_NAME)";
			};
			name = Release;
		};
/* End XCBuildConfiguration section */

/* Begin XCConfigurationList section */
		4FFF04DE1CB0AAB8009B5F73 /* Build configuration list for PBXProject "HackathonRideApp" */ = {
			isa = XCConfigurationList;
			buildConfigurations = (
				4FFF04F31CB0AAB8009B5F73 /* Debug */,
				4FFF04F41CB0AAB8009B5F73 /* Release */,
			);
			defaultConfigurationIsVisible = 0;
			defaultConfigurationName = Release;
		};
		4FFF04F51CB0AAB8009B5F73 /* Build configuration list for PBXNativeTarget "HackathonRideApp" */ = {
			isa = XCConfigurationList;
			buildConfigurations = (
				4FFF04F61CB0AAB8009B5F73 /* Debug */,
				4FFF04F71CB0AAB8009B5F73 /* Release */,
			);
			defaultConfigurationIsVisible = 0;
			defaultConfigurationName = Release;
		};
/* End XCConfigurationList section */
	};
	rootObject = 4FFF04DB1CB0AAB8009B5F73 /* Project object */;
}
